# THIS IS AN AUTOGENERATED FILE. DO NOT EDIT THIS FILE DIRECTLY.
# yarn lockfile v1


"@postgrestools/cli-aarch64-apple-darwin@0.4.0":
  version "0.4.0"
  resolved "https://registry.npmjs.org/@postgrestools/cli-aarch64-apple-darwin/-/cli-aarch64-apple-darwin-0.4.0.tgz"
  integrity sha512-L+kitPI2tTIdJiA0bFRg2h1Eyhd5OHbs7cyDrDXfZMq49CLE8iAEWln9W1u45Uk2kLCyRCaqMn7WYfV0pVCciw==

"@postgrestools/postgrestools@latest":
  version "0.4.0"
  resolved "https://registry.npmjs.org/@postgrestools/postgrestools/-/postgrestools-0.4.0.tgz"
  integrity sha512-is6UlTgtAVr42ZRXdM4QmvhPvQgweVaUk0ETzOqR4hjpARxwX6F6iiRcuW5+gHnt1cXocFLKO0djHGcErOywBw==
  optionalDependencies:
    "@postgrestools/cli-aarch64-apple-darwin" "0.4.0"
    "@postgrestools/cli-aarch64-linux-gnu" "0.4.0"
    "@postgrestools/cli-aarch64-windows-msvc" "0.4.0"
    "@postgrestools/cli-x86_64-apple-darwin" "0.4.0"
    "@postgrestools/cli-x86_64-linux-gnu" "0.4.0"
    "@postgrestools/cli-x86_64-windows-msvc" "0.4.0"
