{
  "name": "my-project",
  "lockfileVersion": 3,
  "requires": true,
  "packages": {
    "": {
      "name": "my-project",
      "devDependencies": {
        "@postgrestools/postgrestools": "0.6.1"
      }
    },
    "node_modules/@postgrestools/cli-aarch64-apple-darwin": {
      "version": "0.6.1",
      "resolved": "https://registry.npmjs.org/@postgrestools/cli-aarch64-apple-darwin/-/cli-aarch64-apple-darwin-0.6.1.tgz",
      "integrity": "sha512-OEI6koI1rRVXtQ5irIhQt+P0O+tjXRMEi3xfOEvQwZUDWN/omfXO225pyGBaF0GrDhL/2iGw/fRxFCwhL5+Rsg==",
      "cpu": [
        "arm64"
      ],
      "dev": true,
      "license": "MIT or Apache-2.0",
      "optional": true,
      "os": [
        "darwin"
      ],
      "engines": {
        "node": ">=20"
      }
    },
    "node_modules/@postgrestools/cli-aarch64-linux-gnu": {
      "version": "0.6.1",
      "resolved": "https://registry.npmjs.org/@postgrestools/cli-aarch64-linux-gnu/-/cli-aarch64-linux-gnu-0.6.1.tgz",
      "integrity": "sha512-k4KTEzcMBRWjwSJLjAYujtfu/cxlIiG9JS3c0ygQjrz/aOo6dJnvdn+RE3kvJwv48TMbUgPZncBSTd/EoAG3GA==",
      "cpu": [
        "arm64"
      ],
      "dev": true,
      "license": "MIT or Apache-2.0",
      "optional": true,
      "os": [
        "linux"
      ],
      "engines": {
        "node": ">=20"
      }
    },
    "node_modules/@postgrestools/cli-aarch64-windows-msvc": {
      "version": "0.6.1",
      "resolved": "https://registry.npmjs.org/@postgrestools/cli-aarch64-windows-msvc/-/cli-aarch64-windows-msvc-0.6.1.tgz",
      "integrity": "sha512-5K3KiqGIAxK75GgM/I1qnEDv7m0F3RVqlLjr4vkdbWAu7b5aVbxgi63dFKvQeQWhPGMge4FP3MEvUh7ZKBHnAw==",
      "cpu": [
        "arm64"
      ],
      "dev": true,
      "license": "MIT or Apache-2.0",
      "optional": true,
      "os": [
        "win32"
      ],
      "engines": {
        "node": ">=20"
      }
    },
    "node_modules/@postgrestools/cli-x86_64-apple-darwin": {
      "version": "0.6.1",
      "resolved": "https://registry.npmjs.org/@postgrestools/cli-x86_64-apple-darwin/-/cli-x86_64-apple-darwin-0.6.1.tgz",
      "integrity": "sha512-Y1neD7jojryGqjTmxUHdptHaNQAarDQ/hxocOfRUH4SUveLj4c6js8NEc5QpNmnKFYl3d+r4CZrz7368rX8gdw==",
      "cpu": [
        "x64"
      ],
      "dev": true,
      "license": "MIT or Apache-2.0",
      "optional": true,
      "os": [
        "darwin"
      ],
      "engines": {
        "node": ">=20"
      }
    },
    "node_modules/@postgrestools/cli-x86_64-linux-gnu": {
      "version": "0.6.1",
      "resolved": "https://registry.npmjs.org/@postgrestools/cli-x86_64-linux-gnu/-/cli-x86_64-linux-gnu-0.6.1.tgz",
      "integrity": "sha512-aG08NEw9SkFz6aXOQ20bSIDnt3ULlCjXlYypgAWhSYpyY+TL5PBSdm8e3uCYQg+hg0YV/6SQGAnOk0++JNl+jQ==",
      "cpu": [
        "x64"
      ],
      "dev": true,
      "license": "MIT or Apache-2.0",
      "optional": true,
      "os": [
        "linux"
      ],
      "engines": {
        "node": ">=20"
      }
    },
    "node_modules/@postgrestools/cli-x86_64-windows-msvc": {
      "version": "0.6.1",
      "resolved": "https://registry.npmjs.org/@postgrestools/cli-x86_64-windows-msvc/-/cli-x86_64-windows-msvc-0.6.1.tgz",
      "integrity": "sha512-SAPYmDKnXHx3v8cX70acV315O1EK5bwfHT0LGM2auiLhJMa0UM/DzgIT77WxcnSbQkPyPzgTGgQekvPXSU+KEg==",
      "cpu": [
        "x64"
      ],
      "dev": true,
      "license": "MIT or Apache-2.0",
      "optional": true,
      "os": [
        "win32"
      ],
      "engines": {
        "node": ">=20"
      }
    },
    "node_modules/@postgrestools/postgrestools": {
      "version": "0.6.1",
      "resolved": "https://registry.npmjs.org/@postgrestools/postgrestools/-/postgrestools-0.6.1.tgz",
      "integrity": "sha512-II/B4C2/WtLknjlFc9xwORtcWQEoYJoaaZMVvQygryAkCB2TETul11HAeOJbN0U8pHpc+QgAy3F7805eCAyYeA==",
      "dev": true,
      "license": "MIT or Apache-2.0",
      "bin": {
        "postgrestools": "bin/postgrestools"
      },
      "engines": {
        "node": ">=20"
      },
      "optionalDependencies": {
        "@postgrestools/cli-aarch64-apple-darwin": "0.6.1",
        "@postgrestools/cli-aarch64-linux-gnu": "0.6.1",
        "@postgrestools/cli-aarch64-windows-msvc": "0.6.1",
        "@postgrestools/cli-x86_64-apple-darwin": "0.6.1",
        "@postgrestools/cli-x86_64-linux-gnu": "0.6.1",
        "@postgrestools/cli-x86_64-windows-msvc": "0.6.1"
      }
    }
  }
}
