{
  "name": "my-project",
  "lockfileVersion": 3,
  "requires": true,
  "packages": {
    "": {
      "name": "my-project",
      "devDependencies": {
        "@postgrestools/postgrestools": "0.4.0"
      }
    },
    "node_modules/@postgrestools/cli-aarch64-apple-darwin": {
      "version": "0.4.0",
      "resolved": "https://registry.npmjs.org/@postgrestools/cli-aarch64-apple-darwin/-/cli-aarch64-apple-darwin-0.4.0.tgz",
      "integrity": "sha512-L+kitPI2tTIdJiA0bFRg2h1Eyhd5OHbs7cyDrDXfZMq49CLE8iAEWln9W1u45Uk2kLCyRCaqMn7WYfV0pVCciw==",
      "cpu": [
        "arm64"
      ],
      "dev": true,
      "license": "MIT or Apache-2.0",
      "optional": true,
      "os": [
        "darwin"
      ],
      "engines": {
        "node": ">=20"
      }
    },
    "node_modules/@postgrestools/cli-aarch64-linux-gnu": {
      "version": "0.4.0",
      "resolved": "https://registry.npmjs.org/@postgrestools/cli-aarch64-linux-gnu/-/cli-aarch64-linux-gnu-0.4.0.tgz",
      "integrity": "sha512-ZXi4aY4NzkugTBJa2LFn1YZYPiu0vrxp6+1auipAdsK1N1tmCMbGXDvjZgaUyadAFpxRDTpeJXrSLeiZwyibsg==",
      "cpu": [
        "arm64"
      ],
      "dev": true,
      "license": "MIT or Apache-2.0",
      "optional": true,
      "os": [
        "linux"
      ],
      "engines": {
        "node": ">=20"
      }
    },
    "node_modules/@postgrestools/cli-aarch64-windows-msvc": {
      "version": "0.4.0",
      "resolved": "https://registry.npmjs.org/@postgrestools/cli-aarch64-windows-msvc/-/cli-aarch64-windows-msvc-0.4.0.tgz",
      "integrity": "sha512-9r9LJvmMyloMfvCwDmjWWw/8aETIH/epmVBxMRvuPoDf/XTTbrgz5K5qMaN7OFJql4fwK0m1eL8JsiXlssFr8g==",
      "cpu": [
        "arm64"
      ],
      "dev": true,
      "license": "MIT or Apache-2.0",
      "optional": true,
      "os": [
        "win32"
      ],
      "engines": {
        "node": ">=20"
      }
    },
    "node_modules/@postgrestools/cli-x86_64-apple-darwin": {
      "version": "0.4.0",
      "resolved": "https://registry.npmjs.org/@postgrestools/cli-x86_64-apple-darwin/-/cli-x86_64-apple-darwin-0.4.0.tgz",
      "integrity": "sha512-2MMJr87nF+TZ6T44xMp/uZygPXKcmEuuRFFrcnFXp4ov2fmjapz2JC0w0v2TdIAhz9nL6cNkVHIxED8AH724XA==",
      "cpu": [
        "x64"
      ],
      "dev": true,
      "license": "MIT or Apache-2.0",
      "optional": true,
      "os": [
        "darwin"
      ],
      "engines": {
        "node": ">=20"
      }
    },
    "node_modules/@postgrestools/cli-x86_64-linux-gnu": {
      "version": "0.4.0",
      "resolved": "https://registry.npmjs.org/@postgrestools/cli-x86_64-linux-gnu/-/cli-x86_64-linux-gnu-0.4.0.tgz",
      "integrity": "sha512-v9efC1Vcq2KPgYWtZyG9nMv0soL2gpY0/Zok+wsoEZE9je5AKDMcLiLVFLzpYgUc1cO6I2KB4uvOh8ZBJUE7wQ==",
      "cpu": [
        "x64"
      ],
      "dev": true,
      "license": "MIT or Apache-2.0",
      "optional": true,
      "os": [
        "linux"
      ],
      "engines": {
        "node": ">=20"
      }
    },
    "node_modules/@postgrestools/cli-x86_64-windows-msvc": {
      "version": "0.4.0",
      "resolved": "https://registry.npmjs.org/@postgrestools/cli-x86_64-windows-msvc/-/cli-x86_64-windows-msvc-0.4.0.tgz",
      "integrity": "sha512-w+4iFblAPpBDO7jJotwaASyt5+RdHV1fpj/rzIM9QpRSTWFs/wvTqfhetb8hMQ3YD/G4+xTdBq4nyT40m1Ptog==",
      "cpu": [
        "x64"
      ],
      "dev": true,
      "license": "MIT or Apache-2.0",
      "optional": true,
      "os": [
        "win32"
      ],
      "engines": {
        "node": ">=20"
      }
    },
    "node_modules/@postgrestools/postgrestools": {
      "version": "0.4.0",
      "resolved": "https://registry.npmjs.org/@postgrestools/postgrestools/-/postgrestools-0.4.0.tgz",
      "integrity": "sha512-is6UlTgtAVr42ZRXdM4QmvhPvQgweVaUk0ETzOqR4hjpARxwX6F6iiRcuW5+gHnt1cXocFLKO0djHGcErOywBw==",
      "dev": true,
      "license": "MIT or Apache-2.0",
      "bin": {
        "postgrestools": "bin/postgrestools"
      },
      "engines": {
        "node": ">=20"
      },
      "optionalDependencies": {
        "@postgrestools/cli-aarch64-apple-darwin": "0.4.0",
        "@postgrestools/cli-aarch64-linux-gnu": "0.4.0",
        "@postgrestools/cli-aarch64-windows-msvc": "0.4.0",
        "@postgrestools/cli-x86_64-apple-darwin": "0.4.0",
        "@postgrestools/cli-x86_64-linux-gnu": "0.4.0",
        "@postgrestools/cli-x86_64-windows-msvc": "0.4.0"
      }
    }
  }
}
