{
  "name": "my-project",
  "lockfileVersion": 3,
  "requires": true,
  "packages": {
    "": {
      "name": "my-project",
      "dependencies": {
        "@postgrestools/postgrestools": "0.2.0"
      }
    },
    "node_modules/@postgrestools/cli-aarch64-apple-darwin": {
      "version": "0.2.0",
      "resolved": "https://registry.npmjs.org/@postgrestools/cli-aarch64-apple-darwin/-/cli-aarch64-apple-darwin-0.2.0.tgz",
      "integrity": "sha512-UQ8FR7HWNfBgN9ADoMMKZrtIQX7la7JPYGdpgDzrC7JcpROyZBLhR2Hht6m3r+8M7tYy+JoubiMswVgjSnySTw==",
      "cpu": [
        "arm64"
      ],
      "license": "MIT or Apache-2.0",
      "optional": true,
      "os": [
        "darwin"
      ],
      "engines": {
        "node": ">=20"
      }
    },
    "node_modules/@postgrestools/cli-aarch64-linux-gnu": {
      "version": "0.2.0",
      "resolved": "https://registry.npmjs.org/@postgrestools/cli-aarch64-linux-gnu/-/cli-aarch64-linux-gnu-0.2.0.tgz",
      "integrity": "sha512-WxFVZZ9gmNPpvS7yDLjaj8+h9z4qLqCClCYcHz/LJiXb/7UEx32YyujwqANEtJ9dFnfeBMor5tR0wv8SRGvRJQ==",
      "cpu": [
        "arm64"
      ],
      "license": "MIT or Apache-2.0",
      "optional": true,
      "os": [
        "linux"
      ],
      "engines": {
        "node": ">=20"
      }
    },
    "node_modules/@postgrestools/cli-aarch64-windows-msvc": {
      "version": "0.2.0",
      "resolved": "https://registry.npmjs.org/@postgrestools/cli-aarch64-windows-msvc/-/cli-aarch64-windows-msvc-0.2.0.tgz",
      "integrity": "sha512-4TFNBOGdzD0HNoMzyPvtT+oCT2o+mG/XVgx5Tv3PDRjYV1bguH34Ly4chPdoofZcKmsj9UYk2cijrq6f1qeA7A==",
      "cpu": [
        "arm64"
      ],
      "license": "MIT or Apache-2.0",
      "optional": true,
      "os": [
        "win32"
      ],
      "engines": {
        "node": ">=20"
      }
    },
    "node_modules/@postgrestools/cli-x86_64-apple-darwin": {
      "version": "0.2.0",
      "resolved": "https://registry.npmjs.org/@postgrestools/cli-x86_64-apple-darwin/-/cli-x86_64-apple-darwin-0.2.0.tgz",
      "integrity": "sha512-la9XsvgEXnPbuJPbD+Ybhu9RU5SGXOOdeZ13L791ObeHI4E29Z0LUKilXPEIAQBagVmBHbQW3F06mw6IT0kbHw==",
      "cpu": [
        "x64"
      ],
      "license": "MIT or Apache-2.0",
      "optional": true,
      "os": [
        "darwin"
      ],
      "engines": {
        "node": ">=20"
      }
    },
    "node_modules/@postgrestools/cli-x86_64-linux-gnu": {
      "version": "0.2.0",
      "resolved": "https://registry.npmjs.org/@postgrestools/cli-x86_64-linux-gnu/-/cli-x86_64-linux-gnu-0.2.0.tgz",
      "integrity": "sha512-Xowbx12xfs4/2h0vfCaz8qpEe7RZv5TKWUDCiU8SesuO/FeaxL+sDBfsndCqFO7czsupPCgxUrXMp5cGO6Io0A==",
      "cpu": [
        "x64"
      ],
      "license": "MIT or Apache-2.0",
      "optional": true,
      "os": [
        "linux"
      ],
      "engines": {
        "node": ">=20"
      }
    },
    "node_modules/@postgrestools/cli-x86_64-windows-msvc": {
      "version": "0.2.0",
      "resolved": "https://registry.npmjs.org/@postgrestools/cli-x86_64-windows-msvc/-/cli-x86_64-windows-msvc-0.2.0.tgz",
      "integrity": "sha512-DbMLQViirIae9fjupxXhVO3RggNolSW6BLJ6YcATQhjKSQ5GGsfvh9rF1qZir9FnPRMVUYVO5tik/Cx36uQE3g==",
      "cpu": [
        "x64"
      ],
      "license": "MIT or Apache-2.0",
      "optional": true,
      "os": [
        "win32"
      ],
      "engines": {
        "node": ">=20"
      }
    },
    "node_modules/@postgrestools/postgrestools": {
      "version": "0.2.0",
      "resolved": "https://registry.npmjs.org/@postgrestools/postgrestools/-/postgrestools-0.2.0.tgz",
      "integrity": "sha512-VuU1XQPOFJSOqF/kfZJyh0aJc5gNQNFoTLq8jgFGwR1CGR84JdhSPW2bNtHUIbp5gWUQ3NDCrPIfI7RznSItgg==",
      "license": "MIT or Apache-2.0",
      "bin": {
        "postgrestools": "bin/postgrestools"
      },
      "engines": {
        "node": ">=20"
      },
      "optionalDependencies": {
        "@postgrestools/cli-aarch64-apple-darwin": "0.2.0",
        "@postgrestools/cli-aarch64-linux-gnu": "0.2.0",
        "@postgrestools/cli-aarch64-windows-msvc": "0.2.0",
        "@postgrestools/cli-x86_64-apple-darwin": "0.2.0",
        "@postgrestools/cli-x86_64-linux-gnu": "0.2.0",
        "@postgrestools/cli-x86_64-windows-msvc": "0.2.0"
      }
    }
  }
}
